
Microsoft Visual Studio Solution File, Format Version 12.00
# Visual Studio Version 16
VisualStudioVersion = 16.0.29709.97
MinimumVisualStudioVersion = 10.0.40219.1
Project("{FAE04EC0-301F-11D3-BF4B-00C04F79EFBC}") = "ShowInvisibleWalls", "ShowInvisibleWalls.csproj", "{D5F48211-9790-443F-A2F6-2430F1CDF1E1}"
EndProject
Global
	GlobalSection(SolutionConfigurationPlatforms) = preSolution
		Debug|Any CPU = Debug|Any CPU
		Release|Any CPU = Release|Any CPU
	EndGlobalSection
	GlobalSection(ProjectConfigurationPlatforms) = postSolution
		{D5F48211-9790-443F-A2F6-2430F1CDF1E1}.Debug|Any CPU.ActiveCfg = Debug|Any CPU
		{D5F48211-9790-443F-A2F6-2430F1CDF1E1}.Debug|Any CPU.Build.0 = Debug|Any CPU
		{D5F48211-9790-443F-A2F6-2430F1CDF1E1}.Release|Any CPU.ActiveCfg = Release|Any CPU
		{D5F48211-9790-443F-A2F6-2430F1CDF1E1}.Release|Any CPU.Build.0 = Release|Any CPU
	EndGlobalSection
	GlobalSection(SolutionProperties) = preSolution
		HideSolutionNode = FALSE
	EndGlobalSection
	GlobalSection(ExtensibilityGlobals) = postSolution
		SolutionGuid = {8205D458-BF44-43F1-859D-9109B329C46D}
	EndGlobalSection
EndGlobal
