
Microsoft Visual Studio Solution File, Format Version 12.00
# Visual Studio Version 16
VisualStudioVersion = 16.0.29709.97
MinimumVisualStudioVersion = 10.0.40219.1
Project("{2150E333-8FDC-42A3-9474-1A3956D46DE8}") = "! Small Mods", "! Small Mods", "{D4ED1719-C87C-498D-A772-121C2636DE1D}"
EndProject
Project("{FAE04EC0-301F-11D3-BF4B-00C04F79EFBC}") = "CombatAndDodgeOverhaul", "Combat and Dodge Overhaul\CombatAndDodgeOverhaul\CombatAndDodgeOverhaul.csproj", "{2B6018A4-7387-45B9-9FA0-7C7709BD2917}"
EndProject
Project("{FAE04EC0-301F-11D3-BF4B-00C04F79EFBC}") = "ExtendedQuickslots", "Extended Quickslots\EQS\ExtendedQuickslots.csproj", "{072C37AB-5E2F-49B3-BDDD-BBC2E02110DE}"
EndProject
Project("{FAE04EC0-301F-11D3-BF4B-00C04F79EFBC}") = "MixedGrip", "Mixed Grip\Mixed Grip\MixedGrip.csproj", "{37023A33-A1C2-4260-834E-EF2ABDACB3C5}"
EndProject
Project("{FAE04EC0-301F-11D3-BF4B-00C04F79EFBC}") = "NecromancerSkills", "Necromancy Skills\NecromancySkills\NecromancerSkills.csproj", "{54ED797B-99D9-4F3F-93D6-172F3FD3DDF9}"
EndProject
Project("{FAE04EC0-301F-11D3-BF4B-00C04F79EFBC}") = "OutSouls", "OutSouls\OutSouls\OutSouls.csproj", "{DD097E34-DDEB-4486-974B-FC5899308931}"
EndProject
Project("{FAE04EC0-301F-11D3-BF4B-00C04F79EFBC}") = "MoreMapDetails", "More Map Details\MoreMapDetails\MoreMapDetails.csproj", "{E7CA1639-E154-4FC6-83B8-F885CBA12594}"
EndProject
Project("{FAE04EC0-301F-11D3-BF4B-00C04F79EFBC}") = "SharedModConfig", "Shared Mod Config\SharedModConfig\SharedModConfig.csproj", "{0F04A722-D68F-46D8-BCBE-B3A828AB2365}"
EndProject
Project("{FAE04EC0-301F-11D3-BF4B-00C04F79EFBC}") = "CombatHUD", "CombatHUD\CombatHUD 2\CombatHUD.csproj", "{71E14120-7A04-4156-B846-941C2CA1B31A}"
EndProject
Project("{FAE04EC0-301F-11D3-BF4B-00C04F79EFBC}") = "Dataminer", "Dataminer\Dataminer_2\Dataminer.csproj", "{7CF617BC-6DFD-4D46-8402-42AE93274A44}"
EndProject
Project("{FAE04EC0-301F-11D3-BF4B-00C04F79EFBC}") = "Dismantler", "! Small Mods\Dismantler\Dismantler\Dismantler.csproj", "{3576345C-5FC4-4078-A474-0AF872F83FD8}"
EndProject
Project("{FAE04EC0-301F-11D3-BF4B-00C04F79EFBC}") = "Explorer", "Explorer\Explorer\Explorer.csproj", "{B21DBDE3-5D6F-4726-93AB-CC3CC68BAE7D}"
EndProject
Project("{FAE04EC0-301F-11D3-BF4B-00C04F79EFBC}") = "CustomMultiplayerLimit", "Custom Multiplayer Limit\MPLimitRemover\CustomMultiplayerLimit.csproj", "{E55ADC62-40AC-42A4-92FF-B21C06E71FDD}"
EndProject
Project("{FAE04EC0-301F-11D3-BF4B-00C04F79EFBC}") = "AttackTimer", "Dataminer\AttackTimer\AttackTimer.csproj", "{7AF9F4C4-E0FB-4AD7-8682-18F5B35BE37A}"
EndProject
Project("{FAE04EC0-301F-11D3-BF4B-00C04F79EFBC}") = "DialogueMiner", "Dataminer\DialogueMiner\DialogueMiner\DialogueMiner.csproj", "{271B487B-C526-4C98-A4B5-A844AC8B7665}"
EndProject
Project("{FAE04EC0-301F-11D3-BF4B-00C04F79EFBC}") = "BlacksmithsToolbox", "! Small Mods\Blacksmiths Toolbox\BlacksmithsToolbox\BlacksmithsToolbox.csproj", "{7756F730-2CC1-4E21-BF46-D833536F6BCD}"
EndProject
Project("{FAE04EC0-301F-11D3-BF4B-00C04F79EFBC}") = "CustomWeight", "! Small Mods\Custom Weight\CustomWeight\CustomWeight.csproj", "{0BE76D50-D2D5-449F-934A-E0BE5C2F7BAE}"
EndProject
Project("{FAE04EC0-301F-11D3-BF4B-00C04F79EFBC}") = "ShowInvisibleWalls", "! Small Mods\Invisible Walls\Invisible Walls\ShowInvisibleWalls.csproj", "{D5F48211-9790-443F-A2F6-2430F1CDF1E1}"
EndProject
Project("{FAE04EC0-301F-11D3-BF4B-00C04F79EFBC}") = "ImbuedBows", "! Small Mods\Imbued Bows and Mana Bow\Imbued Bows\ImbuedBows.csproj", "{4123A3D9-D0C1-46E3-B583-D8C37948A734}"
EndProject
Project("{FAE04EC0-301F-11D3-BF4B-00C04F79EFBC}") = "BetterTargeting", "! Small Mods\Better Targeting\BetterTargeting\BetterTargeting.csproj", "{1DA38ACF-75FC-4888-B0D6-6FA79DB1609F}"
EndProject
Project("{FAE04EC0-301F-11D3-BF4B-00C04F79EFBC}") = "SharedCoopRewards", "! Small Mods\Shared Coop Rewards\SharedCoopRewards\SharedCoopRewards.csproj", "{7A47E79E-EDDB-4D72-88C7-6AC493DC9070}"
EndProject
Project("{FAE04EC0-301F-11D3-BF4B-00C04F79EFBC}") = "SpeedrunTimer", "! Small Mods\Speedrun Timer\SpeedrunTimer\SpeedrunTimer.csproj", "{0078FDE4-B0C0-4DCA-B576-78D741436EFB}"
EndProject
Project("{FAE04EC0-301F-11D3-BF4B-00C04F79EFBC}") = "Combat Dummy", "! Small Mods\Combat Dummy\Combat Dummy\Combat Dummy.csproj", "{2DA1C9EA-9332-45C2-944D-683CB8315E75}"
EndProject
Project("{FAE04EC0-301F-11D3-BF4B-00C04F79EFBC}") = "CharacterEditor", "! Small Mods\CharacterEditor\CharacterEditor\CharacterEditor.csproj", "{8B29682E-B442-4573-8B17-CE76D746F5C8}"
EndProject
Global
	GlobalSection(SolutionConfigurationPlatforms) = preSolution
		Debug|Any CPU = Debug|Any CPU
		Release|Any CPU = Release|Any CPU
	EndGlobalSection
	GlobalSection(ProjectConfigurationPlatforms) = postSolution
		{2B6018A4-7387-45B9-9FA0-7C7709BD2917}.Debug|Any CPU.ActiveCfg = Debug|Any CPU
		{2B6018A4-7387-45B9-9FA0-7C7709BD2917}.Debug|Any CPU.Build.0 = Debug|Any CPU
		{2B6018A4-7387-45B9-9FA0-7C7709BD2917}.Release|Any CPU.ActiveCfg = Release|Any CPU
		{2B6018A4-7387-45B9-9FA0-7C7709BD2917}.Release|Any CPU.Build.0 = Release|Any CPU
		{072C37AB-5E2F-49B3-BDDD-BBC2E02110DE}.Debug|Any CPU.ActiveCfg = Debug|Any CPU
		{072C37AB-5E2F-49B3-BDDD-BBC2E02110DE}.Debug|Any CPU.Build.0 = Debug|Any CPU
		{072C37AB-5E2F-49B3-BDDD-BBC2E02110DE}.Release|Any CPU.ActiveCfg = Release|Any CPU
		{072C37AB-5E2F-49B3-BDDD-BBC2E02110DE}.Release|Any CPU.Build.0 = Release|Any CPU
		{37023A33-A1C2-4260-834E-EF2ABDACB3C5}.Debug|Any CPU.ActiveCfg = Debug|Any CPU
		{37023A33-A1C2-4260-834E-EF2ABDACB3C5}.Debug|Any CPU.Build.0 = Debug|Any CPU
		{37023A33-A1C2-4260-834E-EF2ABDACB3C5}.Release|Any CPU.ActiveCfg = Release|Any CPU
		{37023A33-A1C2-4260-834E-EF2ABDACB3C5}.Release|Any CPU.Build.0 = Release|Any CPU
		{54ED797B-99D9-4F3F-93D6-172F3FD3DDF9}.Debug|Any CPU.ActiveCfg = Debug|Any CPU
		{54ED797B-99D9-4F3F-93D6-172F3FD3DDF9}.Debug|Any CPU.Build.0 = Debug|Any CPU
		{54ED797B-99D9-4F3F-93D6-172F3FD3DDF9}.Release|Any CPU.ActiveCfg = Release|Any CPU
		{54ED797B-99D9-4F3F-93D6-172F3FD3DDF9}.Release|Any CPU.Build.0 = Release|Any CPU
		{DD097E34-DDEB-4486-974B-FC5899308931}.Debug|Any CPU.ActiveCfg = Debug|Any CPU
		{DD097E34-DDEB-4486-974B-FC5899308931}.Debug|Any CPU.Build.0 = Debug|Any CPU
		{DD097E34-DDEB-4486-974B-FC5899308931}.Release|Any CPU.ActiveCfg = Release|Any CPU
		{DD097E34-DDEB-4486-974B-FC5899308931}.Release|Any CPU.Build.0 = Release|Any CPU
		{E7CA1639-E154-4FC6-83B8-F885CBA12594}.Debug|Any CPU.ActiveCfg = Debug|Any CPU
		{E7CA1639-E154-4FC6-83B8-F885CBA12594}.Debug|Any CPU.Build.0 = Debug|Any CPU
		{E7CA1639-E154-4FC6-83B8-F885CBA12594}.Release|Any CPU.ActiveCfg = Release|Any CPU
		{E7CA1639-E154-4FC6-83B8-F885CBA12594}.Release|Any CPU.Build.0 = Release|Any CPU
		{0F04A722-D68F-46D8-BCBE-B3A828AB2365}.Debug|Any CPU.ActiveCfg = Debug|Any CPU
		{0F04A722-D68F-46D8-BCBE-B3A828AB2365}.Debug|Any CPU.Build.0 = Debug|Any CPU
		{0F04A722-D68F-46D8-BCBE-B3A828AB2365}.Release|Any CPU.ActiveCfg = Release|Any CPU
		{0F04A722-D68F-46D8-BCBE-B3A828AB2365}.Release|Any CPU.Build.0 = Release|Any CPU
		{71E14120-7A04-4156-B846-941C2CA1B31A}.Debug|Any CPU.ActiveCfg = Debug|Any CPU
		{71E14120-7A04-4156-B846-941C2CA1B31A}.Debug|Any CPU.Build.0 = Debug|Any CPU
		{71E14120-7A04-4156-B846-941C2CA1B31A}.Release|Any CPU.ActiveCfg = Release|Any CPU
		{71E14120-7A04-4156-B846-941C2CA1B31A}.Release|Any CPU.Build.0 = Release|Any CPU
		{7CF617BC-6DFD-4D46-8402-42AE93274A44}.Debug|Any CPU.ActiveCfg = Debug|Any CPU
		{7CF617BC-6DFD-4D46-8402-42AE93274A44}.Debug|Any CPU.Build.0 = Debug|Any CPU
		{7CF617BC-6DFD-4D46-8402-42AE93274A44}.Release|Any CPU.ActiveCfg = Release|Any CPU
		{7CF617BC-6DFD-4D46-8402-42AE93274A44}.Release|Any CPU.Build.0 = Release|Any CPU
		{3576345C-5FC4-4078-A474-0AF872F83FD8}.Debug|Any CPU.ActiveCfg = Debug|Any CPU
		{3576345C-5FC4-4078-A474-0AF872F83FD8}.Debug|Any CPU.Build.0 = Debug|Any CPU
		{3576345C-5FC4-4078-A474-0AF872F83FD8}.Release|Any CPU.ActiveCfg = Release|Any CPU
		{3576345C-5FC4-4078-A474-0AF872F83FD8}.Release|Any CPU.Build.0 = Release|Any CPU
		{B21DBDE3-5D6F-4726-93AB-CC3CC68BAE7D}.Debug|Any CPU.ActiveCfg = Debug|Any CPU
		{B21DBDE3-5D6F-4726-93AB-CC3CC68BAE7D}.Debug|Any CPU.Build.0 = Debug|Any CPU
		{B21DBDE3-5D6F-4726-93AB-CC3CC68BAE7D}.Release|Any CPU.ActiveCfg = Release|Any CPU
		{B21DBDE3-5D6F-4726-93AB-CC3CC68BAE7D}.Release|Any CPU.Build.0 = Release|Any CPU
		{E55ADC62-40AC-42A4-92FF-B21C06E71FDD}.Debug|Any CPU.ActiveCfg = Debug|Any CPU
		{E55ADC62-40AC-42A4-92FF-B21C06E71FDD}.Debug|Any CPU.Build.0 = Debug|Any CPU
		{E55ADC62-40AC-42A4-92FF-B21C06E71FDD}.Release|Any CPU.ActiveCfg = Release|Any CPU
		{E55ADC62-40AC-42A4-92FF-B21C06E71FDD}.Release|Any CPU.Build.0 = Release|Any CPU
		{7AF9F4C4-E0FB-4AD7-8682-18F5B35BE37A}.Debug|Any CPU.ActiveCfg = Debug|Any CPU
		{7AF9F4C4-E0FB-4AD7-8682-18F5B35BE37A}.Debug|Any CPU.Build.0 = Debug|Any CPU
		{7AF9F4C4-E0FB-4AD7-8682-18F5B35BE37A}.Release|Any CPU.ActiveCfg = Release|Any CPU
		{7AF9F4C4-E0FB-4AD7-8682-18F5B35BE37A}.Release|Any CPU.Build.0 = Release|Any CPU
		{271B487B-C526-4C98-A4B5-A844AC8B7665}.Debug|Any CPU.ActiveCfg = Debug|Any CPU
		{271B487B-C526-4C98-A4B5-A844AC8B7665}.Debug|Any CPU.Build.0 = Debug|Any CPU
		{271B487B-C526-4C98-A4B5-A844AC8B7665}.Release|Any CPU.ActiveCfg = Release|Any CPU
		{271B487B-C526-4C98-A4B5-A844AC8B7665}.Release|Any CPU.Build.0 = Release|Any CPU
		{7756F730-2CC1-4E21-BF46-D833536F6BCD}.Debug|Any CPU.ActiveCfg = Debug|Any CPU
		{7756F730-2CC1-4E21-BF46-D833536F6BCD}.Debug|Any CPU.Build.0 = Debug|Any CPU
		{7756F730-2CC1-4E21-BF46-D833536F6BCD}.Release|Any CPU.ActiveCfg = Release|Any CPU
		{7756F730-2CC1-4E21-BF46-D833536F6BCD}.Release|Any CPU.Build.0 = Release|Any CPU
		{0BE76D50-D2D5-449F-934A-E0BE5C2F7BAE}.Debug|Any CPU.ActiveCfg = Debug|Any CPU
		{0BE76D50-D2D5-449F-934A-E0BE5C2F7BAE}.Debug|Any CPU.Build.0 = Debug|Any CPU
		{0BE76D50-D2D5-449F-934A-E0BE5C2F7BAE}.Release|Any CPU.ActiveCfg = Release|Any CPU
		{0BE76D50-D2D5-449F-934A-E0BE5C2F7BAE}.Release|Any CPU.Build.0 = Release|Any CPU
		{D5F48211-9790-443F-A2F6-2430F1CDF1E1}.Debug|Any CPU.ActiveCfg = Debug|Any CPU
		{D5F48211-9790-443F-A2F6-2430F1CDF1E1}.Debug|Any CPU.Build.0 = Debug|Any CPU
		{D5F48211-9790-443F-A2F6-2430F1CDF1E1}.Release|Any CPU.ActiveCfg = Release|Any CPU
		{D5F48211-9790-443F-A2F6-2430F1CDF1E1}.Release|Any CPU.Build.0 = Release|Any CPU
		{4123A3D9-D0C1-46E3-B583-D8C37948A734}.Debug|Any CPU.ActiveCfg = Debug|Any CPU
		{4123A3D9-D0C1-46E3-B583-D8C37948A734}.Debug|Any CPU.Build.0 = Debug|Any CPU
		{4123A3D9-D0C1-46E3-B583-D8C37948A734}.Release|Any CPU.ActiveCfg = Release|Any CPU
		{4123A3D9-D0C1-46E3-B583-D8C37948A734}.Release|Any CPU.Build.0 = Release|Any CPU
		{1DA38ACF-75FC-4888-B0D6-6FA79DB1609F}.Debug|Any CPU.ActiveCfg = Debug|Any CPU
		{1DA38ACF-75FC-4888-B0D6-6FA79DB1609F}.Debug|Any CPU.Build.0 = Debug|Any CPU
		{1DA38ACF-75FC-4888-B0D6-6FA79DB1609F}.Release|Any CPU.ActiveCfg = Release|Any CPU
		{1DA38ACF-75FC-4888-B0D6-6FA79DB1609F}.Release|Any CPU.Build.0 = Release|Any CPU
		{7A47E79E-EDDB-4D72-88C7-6AC493DC9070}.Debug|Any CPU.ActiveCfg = Debug|Any CPU
		{7A47E79E-EDDB-4D72-88C7-6AC493DC9070}.Debug|Any CPU.Build.0 = Debug|Any CPU
		{7A47E79E-EDDB-4D72-88C7-6AC493DC9070}.Release|Any CPU.ActiveCfg = Release|Any CPU
		{7A47E79E-EDDB-4D72-88C7-6AC493DC9070}.Release|Any CPU.Build.0 = Release|Any CPU
		{0078FDE4-B0C0-4DCA-B576-78D741436EFB}.Debug|Any CPU.ActiveCfg = Debug|Any CPU
		{0078FDE4-B0C0-4DCA-B576-78D741436EFB}.Debug|Any CPU.Build.0 = Debug|Any CPU
		{0078FDE4-B0C0-4DCA-B576-78D741436EFB}.Release|Any CPU.ActiveCfg = Release|Any CPU
		{0078FDE4-B0C0-4DCA-B576-78D741436EFB}.Release|Any CPU.Build.0 = Release|Any CPU
		{2DA1C9EA-9332-45C2-944D-683CB8315E75}.Debug|Any CPU.ActiveCfg = Debug|Any CPU
		{2DA1C9EA-9332-45C2-944D-683CB8315E75}.Debug|Any CPU.Build.0 = Debug|Any CPU
		{2DA1C9EA-9332-45C2-944D-683CB8315E75}.Release|Any CPU.ActiveCfg = Release|Any CPU
		{2DA1C9EA-9332-45C2-944D-683CB8315E75}.Release|Any CPU.Build.0 = Release|Any CPU
		{8B29682E-B442-4573-8B17-CE76D746F5C8}.Debug|Any CPU.ActiveCfg = Debug|Any CPU
		{8B29682E-B442-4573-8B17-CE76D746F5C8}.Debug|Any CPU.Build.0 = Debug|Any CPU
		{8B29682E-B442-4573-8B17-CE76D746F5C8}.Release|Any CPU.ActiveCfg = Release|Any CPU
		{8B29682E-B442-4573-8B17-CE76D746F5C8}.Release|Any CPU.Build.0 = Release|Any CPU
	EndGlobalSection
	GlobalSection(SolutionProperties) = preSolution
		HideSolutionNode = FALSE
	EndGlobalSection
	GlobalSection(NestedProjects) = preSolution
		{3576345C-5FC4-4078-A474-0AF872F83FD8} = {D4ED1719-C87C-498D-A772-121C2636DE1D}
		{7AF9F4C4-E0FB-4AD7-8682-18F5B35BE37A} = {D4ED1719-C87C-498D-A772-121C2636DE1D}
		{271B487B-C526-4C98-A4B5-A844AC8B7665} = {D4ED1719-C87C-498D-A772-121C2636DE1D}
		{7756F730-2CC1-4E21-BF46-D833536F6BCD} = {D4ED1719-C87C-498D-A772-121C2636DE1D}
		{0BE76D50-D2D5-449F-934A-E0BE5C2F7BAE} = {D4ED1719-C87C-498D-A772-121C2636DE1D}
		{D5F48211-9790-443F-A2F6-2430F1CDF1E1} = {D4ED1719-C87C-498D-A772-121C2636DE1D}
		{4123A3D9-D0C1-46E3-B583-D8C37948A734} = {D4ED1719-C87C-498D-A772-121C2636DE1D}
		{1DA38ACF-75FC-4888-B0D6-6FA79DB1609F} = {D4ED1719-C87C-498D-A772-121C2636DE1D}
		{7A47E79E-EDDB-4D72-88C7-6AC493DC9070} = {D4ED1719-C87C-498D-A772-121C2636DE1D}
		{0078FDE4-B0C0-4DCA-B576-78D741436EFB} = {D4ED1719-C87C-498D-A772-121C2636DE1D}
		{2DA1C9EA-9332-45C2-944D-683CB8315E75} = {D4ED1719-C87C-498D-A772-121C2636DE1D}
		{8B29682E-B442-4573-8B17-CE76D746F5C8} = {D4ED1719-C87C-498D-A772-121C2636DE1D}
	EndGlobalSection
	GlobalSection(ExtensibilityGlobals) = postSolution
		SolutionGuid = {E61EA2C4-5D64-4828-A24A-47E3EB51A10C}
	EndGlobalSection
EndGlobal
