
Microsoft Visual Studio Solution File, Format Version 12.00
# Visual Studio Version 16
VisualStudioVersion = 16.0.29709.97
MinimumVisualStudioVersion = 10.0.40219.1
Project("{2150E333-8FDC-42A3-9474-1A3956D46DE8}") = "! Small Mods", "! Small Mods", "{D4ED1719-C87C-498D-A772-121C2636DE1D}"
EndProject
Project("{FAE04EC0-301F-11D3-BF4B-00C04F79EFBC}") = "CombatAndDodgeOverhaul", "Combat and Dodge Overhaul\CombatAndDodgeOverhaul\CombatAndDodgeOverhaul.csproj", "{2B6018A4-7387-45B9-9FA0-7C7709BD2917}"
EndProject
Project("{FAE04EC0-301F-11D3-BF4B-00C04F79EFBC}") = "CombatHUD", "Combat HUD\CombatHUD\CombatHUD.csproj", "{C27EA630-DFCA-4F20-9669-6648DE5CAEE3}"
EndProject
Project("{FAE04EC0-301F-11D3-BF4B-00C04F79EFBC}") = "Dataminer", "Dataminer\Dataminer\Dataminer.csproj", "{44B239B5-EBE0-4F3E-A7DD-A158F871BE70}"
EndProject
Project("{FAE04EC0-301F-11D3-BF4B-00C04F79EFBC}") = "Explorer", "Explorer\Explorer\Explorer.csproj", "{77E56333-6F32-40D5-813C-BC9ABE688B2B}"
EndProject
Project("{FAE04EC0-301F-11D3-BF4B-00C04F79EFBC}") = "ExtendedQuickslotsPartiality", "Extended Quickslots\EQS\ExtendedQuickslotsPartiality.csproj", "{072C37AB-5E2F-49B3-BDDD-BBC2E02110DE}"
EndProject
Project("{FAE04EC0-301F-11D3-BF4B-00C04F79EFBC}") = "MoreMapDetails", "Map Markers\MapMarkers\MoreMapDetails.csproj", "{E7CA1639-E154-4FC6-83B8-F885CBA12594}"
EndProject
Project("{FAE04EC0-301F-11D3-BF4B-00C04F79EFBC}") = "MixedGrip", "Mixed Grip\Mixed Grip\MixedGrip.csproj", "{37023A33-A1C2-4260-834E-EF2ABDACB3C5}"
EndProject
Project("{FAE04EC0-301F-11D3-BF4B-00C04F79EFBC}") = "MPLimitRemover", "MP Limit Remover\MPLimitRemover\MPLimitRemover.csproj", "{E55ADC62-40AC-42A4-92FF-B21C06E71FDD}"
EndProject
Project("{FAE04EC0-301F-11D3-BF4B-00C04F79EFBC}") = "NecromancerSkills", "Necromancy Skills\NecromancySkills\NecromancerSkills.csproj", "{54ED797B-99D9-4F3F-93D6-172F3FD3DDF9}"
EndProject
Project("{FAE04EC0-301F-11D3-BF4B-00C04F79EFBC}") = "OutSouls", "OutSouls\OutSouls\OutSouls.csproj", "{DD097E34-DDEB-4486-974B-FC5899308931}"
EndProject
Project("{FAE04EC0-301F-11D3-BF4B-00C04F79EFBC}") = "PrefabEditor", "Prefab Editor\Prefab Editor\PrefabEditor.csproj", "{A368963B-DD41-46FD-AEB5-C9C5175504F6}"
EndProject
Project("{FAE04EC0-301F-11D3-BF4B-00C04F79EFBC}") = "PvP", "PvP\PvP\PvP.csproj", "{8654B1DB-7A3B-411B-9891-C0078B5DDA2F}"
EndProject
Project("{FAE04EC0-301F-11D3-BF4B-00C04F79EFBC}") = "AutoFollow", "! Small Mods\AutoFollowCoopPartners\AutoFollow\AutoFollow.csproj", "{31136EC0-0CBB-4503-8C82-FE1421CBD7E9}"
EndProject
Project("{FAE04EC0-301F-11D3-BF4B-00C04F79EFBC}") = "BetterCustomWeight", "! Small Mods\Better Custom Weight\BetterCustomWeight\BetterCustomWeight.csproj", "{F0FF50E7-DEA3-4F01-B31F-5FFE2A4A17F5}"
EndProject
Project("{FAE04EC0-301F-11D3-BF4B-00C04F79EFBC}") = "BetterSummonedGhost", "! Small Mods\Better Summoned Ghost\BetterSummonedGhost\BetterSummonedGhost.csproj", "{31F34F06-EC29-46E1-8921-DEEDF344566C}"
EndProject
Project("{FAE04EC0-301F-11D3-BF4B-00C04F79EFBC}") = "BlacksmithsToolbox", "! Small Mods\BlacksmithsToolbox\BlacksmithsToolbox\BlacksmithsToolbox.csproj", "{7756F730-2CC1-4E21-BF46-D833536F6BCD}"
EndProject
Project("{FAE04EC0-301F-11D3-BF4B-00C04F79EFBC}") = "CharacterEditor", "! Small Mods\Character Visuals Editor\CharacterVisualsEditor\CharacterEditor.csproj", "{30DF9A25-9817-4AED-BC69-415B83A93153}"
EndProject
Project("{FAE04EC0-301F-11D3-BF4B-00C04F79EFBC}") = "CustomBuffDurations", "! Small Mods\Custom Effect Durations\CustomEffectDurations\CustomBuffDurations.csproj", "{17184EB1-B344-4078-8BA2-F410728E7538}"
EndProject
Project("{FAE04EC0-301F-11D3-BF4B-00C04F79EFBC}") = "CustomCameraShake", "! Small Mods\CustomCameraShake\CustomCameraShake\CustomCameraShake.csproj", "{8E8C33CE-FAAF-47E9-92B2-9B5B70BB3521}"
EndProject
Project("{FAE04EC0-301F-11D3-BF4B-00C04F79EFBC}") = "CustomTimeSpeed", "! Small Mods\CustomTimeSpeed\CustomTimeSpeed\CustomTimeSpeed.csproj", "{FD9FEF7B-FAAD-456A-860D-14EAD34D0F9C}"
EndProject
Project("{FAE04EC0-301F-11D3-BF4B-00C04F79EFBC}") = "DebugCameraFix", "! Small Mods\Debug FreeCamera Fix\DebugCameraFix\DebugCameraFix.csproj", "{BE5C5AF4-D90B-4C35-9EA8-6D24429E7338}"
EndProject
Project("{FAE04EC0-301F-11D3-BF4B-00C04F79EFBC}") = "DisableBoundaries", "! Small Mods\Disable Boundaries\DisableBoundaries\DisableBoundaries.csproj", "{D17ED0C9-4E38-4910-AA8D-07ABEE2C1D0B}"
EndProject
Project("{FAE04EC0-301F-11D3-BF4B-00C04F79EFBC}") = "ImbuedBows", "! Small Mods\ImbuedBows\Imbued Bows\ImbuedBows.csproj", "{4123A3D9-D0C1-46E3-B583-D8C37948A734}"
EndProject
Project("{FAE04EC0-301F-11D3-BF4B-00C04F79EFBC}") = "ImprovedChakrams", "! Small Mods\ImprovedChakrams\ImprovedChakrams\ImprovedChakrams.csproj", "{88E3CB6D-0258-4463-891F-9D81731E18FC}"
EndProject
Project("{FAE04EC0-301F-11D3-BF4B-00C04F79EFBC}") = "MertonsChallenge", "! Small Mods\Mertons Challenge\MertonsChallenge\MertonsChallenge.csproj", "{76DD4207-D043-435D-AA68-7D4821F6842A}"
EndProject
Project("{FAE04EC0-301F-11D3-BF4B-00C04F79EFBC}") = "OnePunchMod", "! Small Mods\OnePunchMod\OnePunchMod\OnePunchMod.csproj", "{D1F5A81F-656C-4A95-B9BC-D39BA076C164}"
EndProject
Project("{FAE04EC0-301F-11D3-BF4B-00C04F79EFBC}") = "SaveEditor", "! Small Mods\SaveEditor\SaveEditor\SaveEditor.csproj", "{5EF8BC65-ABA8-489C-B092-807EA60CB2C2}"
EndProject
Project("{FAE04EC0-301F-11D3-BF4B-00C04F79EFBC}") = "SharedCoopRewards", "! Small Mods\SharedCoopRewards\SharedCoopRewards\SharedCoopRewards.csproj", "{7A47E79E-EDDB-4D72-88C7-6AC493DC9070}"
EndProject
Project("{FAE04EC0-301F-11D3-BF4B-00C04F79EFBC}") = "ShowInvisibleWalls", "! Small Mods\ShowInvisibleWalls\ShowInvisibleWalls\ShowInvisibleWalls.csproj", "{D5F48211-9790-443F-A2F6-2430F1CDF1E1}"
EndProject
Project("{FAE04EC0-301F-11D3-BF4B-00C04F79EFBC}") = "SpeedrunTimer", "! Small Mods\SpeedrunTimer\SpeedrunTimer\SpeedrunTimer.csproj", "{0078FDE4-B0C0-4DCA-B576-78D741436EFB}"
EndProject
Global
	GlobalSection(SolutionConfigurationPlatforms) = preSolution
		Debug|Any CPU = Debug|Any CPU
		Release|Any CPU = Release|Any CPU
	EndGlobalSection
	GlobalSection(ProjectConfigurationPlatforms) = postSolution
		{2B6018A4-7387-45B9-9FA0-7C7709BD2917}.Debug|Any CPU.ActiveCfg = Debug|Any CPU
		{2B6018A4-7387-45B9-9FA0-7C7709BD2917}.Debug|Any CPU.Build.0 = Debug|Any CPU
		{2B6018A4-7387-45B9-9FA0-7C7709BD2917}.Release|Any CPU.ActiveCfg = Release|Any CPU
		{2B6018A4-7387-45B9-9FA0-7C7709BD2917}.Release|Any CPU.Build.0 = Release|Any CPU
		{C27EA630-DFCA-4F20-9669-6648DE5CAEE3}.Debug|Any CPU.ActiveCfg = Debug|Any CPU
		{C27EA630-DFCA-4F20-9669-6648DE5CAEE3}.Debug|Any CPU.Build.0 = Debug|Any CPU
		{C27EA630-DFCA-4F20-9669-6648DE5CAEE3}.Release|Any CPU.ActiveCfg = Release|Any CPU
		{C27EA630-DFCA-4F20-9669-6648DE5CAEE3}.Release|Any CPU.Build.0 = Release|Any CPU
		{44B239B5-EBE0-4F3E-A7DD-A158F871BE70}.Debug|Any CPU.ActiveCfg = Debug|Any CPU
		{44B239B5-EBE0-4F3E-A7DD-A158F871BE70}.Debug|Any CPU.Build.0 = Debug|Any CPU
		{44B239B5-EBE0-4F3E-A7DD-A158F871BE70}.Release|Any CPU.ActiveCfg = Release|Any CPU
		{44B239B5-EBE0-4F3E-A7DD-A158F871BE70}.Release|Any CPU.Build.0 = Release|Any CPU
		{77E56333-6F32-40D5-813C-BC9ABE688B2B}.Debug|Any CPU.ActiveCfg = Debug|Any CPU
		{77E56333-6F32-40D5-813C-BC9ABE688B2B}.Debug|Any CPU.Build.0 = Debug|Any CPU
		{77E56333-6F32-40D5-813C-BC9ABE688B2B}.Release|Any CPU.ActiveCfg = Release|Any CPU
		{77E56333-6F32-40D5-813C-BC9ABE688B2B}.Release|Any CPU.Build.0 = Release|Any CPU
		{072C37AB-5E2F-49B3-BDDD-BBC2E02110DE}.Debug|Any CPU.ActiveCfg = Debug|Any CPU
		{072C37AB-5E2F-49B3-BDDD-BBC2E02110DE}.Debug|Any CPU.Build.0 = Debug|Any CPU
		{072C37AB-5E2F-49B3-BDDD-BBC2E02110DE}.Release|Any CPU.ActiveCfg = Release|Any CPU
		{072C37AB-5E2F-49B3-BDDD-BBC2E02110DE}.Release|Any CPU.Build.0 = Release|Any CPU
		{E7CA1639-E154-4FC6-83B8-F885CBA12594}.Debug|Any CPU.ActiveCfg = Debug|Any CPU
		{E7CA1639-E154-4FC6-83B8-F885CBA12594}.Debug|Any CPU.Build.0 = Debug|Any CPU
		{E7CA1639-E154-4FC6-83B8-F885CBA12594}.Release|Any CPU.ActiveCfg = Release|Any CPU
		{E7CA1639-E154-4FC6-83B8-F885CBA12594}.Release|Any CPU.Build.0 = Release|Any CPU
		{37023A33-A1C2-4260-834E-EF2ABDACB3C5}.Debug|Any CPU.ActiveCfg = Debug|Any CPU
		{37023A33-A1C2-4260-834E-EF2ABDACB3C5}.Debug|Any CPU.Build.0 = Debug|Any CPU
		{37023A33-A1C2-4260-834E-EF2ABDACB3C5}.Release|Any CPU.ActiveCfg = Release|Any CPU
		{37023A33-A1C2-4260-834E-EF2ABDACB3C5}.Release|Any CPU.Build.0 = Release|Any CPU
		{E55ADC62-40AC-42A4-92FF-B21C06E71FDD}.Debug|Any CPU.ActiveCfg = Debug|Any CPU
		{E55ADC62-40AC-42A4-92FF-B21C06E71FDD}.Debug|Any CPU.Build.0 = Debug|Any CPU
		{E55ADC62-40AC-42A4-92FF-B21C06E71FDD}.Release|Any CPU.ActiveCfg = Release|Any CPU
		{E55ADC62-40AC-42A4-92FF-B21C06E71FDD}.Release|Any CPU.Build.0 = Release|Any CPU
		{54ED797B-99D9-4F3F-93D6-172F3FD3DDF9}.Debug|Any CPU.ActiveCfg = Debug|Any CPU
		{54ED797B-99D9-4F3F-93D6-172F3FD3DDF9}.Debug|Any CPU.Build.0 = Debug|Any CPU
		{54ED797B-99D9-4F3F-93D6-172F3FD3DDF9}.Release|Any CPU.ActiveCfg = Release|Any CPU
		{54ED797B-99D9-4F3F-93D6-172F3FD3DDF9}.Release|Any CPU.Build.0 = Release|Any CPU
		{DD097E34-DDEB-4486-974B-FC5899308931}.Debug|Any CPU.ActiveCfg = Debug|Any CPU
		{DD097E34-DDEB-4486-974B-FC5899308931}.Debug|Any CPU.Build.0 = Debug|Any CPU
		{DD097E34-DDEB-4486-974B-FC5899308931}.Release|Any CPU.ActiveCfg = Release|Any CPU
		{DD097E34-DDEB-4486-974B-FC5899308931}.Release|Any CPU.Build.0 = Release|Any CPU
		{A368963B-DD41-46FD-AEB5-C9C5175504F6}.Debug|Any CPU.ActiveCfg = Debug|Any CPU
		{A368963B-DD41-46FD-AEB5-C9C5175504F6}.Debug|Any CPU.Build.0 = Debug|Any CPU
		{A368963B-DD41-46FD-AEB5-C9C5175504F6}.Release|Any CPU.ActiveCfg = Release|Any CPU
		{A368963B-DD41-46FD-AEB5-C9C5175504F6}.Release|Any CPU.Build.0 = Release|Any CPU
		{8654B1DB-7A3B-411B-9891-C0078B5DDA2F}.Debug|Any CPU.ActiveCfg = Debug|Any CPU
		{8654B1DB-7A3B-411B-9891-C0078B5DDA2F}.Debug|Any CPU.Build.0 = Debug|Any CPU
		{8654B1DB-7A3B-411B-9891-C0078B5DDA2F}.Release|Any CPU.ActiveCfg = Release|Any CPU
		{8654B1DB-7A3B-411B-9891-C0078B5DDA2F}.Release|Any CPU.Build.0 = Release|Any CPU
		{31136EC0-0CBB-4503-8C82-FE1421CBD7E9}.Debug|Any CPU.ActiveCfg = Debug|Any CPU
		{31136EC0-0CBB-4503-8C82-FE1421CBD7E9}.Debug|Any CPU.Build.0 = Debug|Any CPU
		{31136EC0-0CBB-4503-8C82-FE1421CBD7E9}.Release|Any CPU.ActiveCfg = Release|Any CPU
		{31136EC0-0CBB-4503-8C82-FE1421CBD7E9}.Release|Any CPU.Build.0 = Release|Any CPU
		{F0FF50E7-DEA3-4F01-B31F-5FFE2A4A17F5}.Debug|Any CPU.ActiveCfg = Debug|Any CPU
		{F0FF50E7-DEA3-4F01-B31F-5FFE2A4A17F5}.Debug|Any CPU.Build.0 = Debug|Any CPU
		{F0FF50E7-DEA3-4F01-B31F-5FFE2A4A17F5}.Release|Any CPU.ActiveCfg = Release|Any CPU
		{F0FF50E7-DEA3-4F01-B31F-5FFE2A4A17F5}.Release|Any CPU.Build.0 = Release|Any CPU
		{31F34F06-EC29-46E1-8921-DEEDF344566C}.Debug|Any CPU.ActiveCfg = Debug|Any CPU
		{31F34F06-EC29-46E1-8921-DEEDF344566C}.Debug|Any CPU.Build.0 = Debug|Any CPU
		{31F34F06-EC29-46E1-8921-DEEDF344566C}.Release|Any CPU.ActiveCfg = Release|Any CPU
		{31F34F06-EC29-46E1-8921-DEEDF344566C}.Release|Any CPU.Build.0 = Release|Any CPU
		{7756F730-2CC1-4E21-BF46-D833536F6BCD}.Debug|Any CPU.ActiveCfg = Debug|Any CPU
		{7756F730-2CC1-4E21-BF46-D833536F6BCD}.Debug|Any CPU.Build.0 = Debug|Any CPU
		{7756F730-2CC1-4E21-BF46-D833536F6BCD}.Release|Any CPU.ActiveCfg = Release|Any CPU
		{7756F730-2CC1-4E21-BF46-D833536F6BCD}.Release|Any CPU.Build.0 = Release|Any CPU
		{30DF9A25-9817-4AED-BC69-415B83A93153}.Debug|Any CPU.ActiveCfg = Debug|Any CPU
		{30DF9A25-9817-4AED-BC69-415B83A93153}.Debug|Any CPU.Build.0 = Debug|Any CPU
		{30DF9A25-9817-4AED-BC69-415B83A93153}.Release|Any CPU.ActiveCfg = Release|Any CPU
		{30DF9A25-9817-4AED-BC69-415B83A93153}.Release|Any CPU.Build.0 = Release|Any CPU
		{17184EB1-B344-4078-8BA2-F410728E7538}.Debug|Any CPU.ActiveCfg = Debug|Any CPU
		{17184EB1-B344-4078-8BA2-F410728E7538}.Debug|Any CPU.Build.0 = Debug|Any CPU
		{17184EB1-B344-4078-8BA2-F410728E7538}.Release|Any CPU.ActiveCfg = Release|Any CPU
		{17184EB1-B344-4078-8BA2-F410728E7538}.Release|Any CPU.Build.0 = Release|Any CPU
		{8E8C33CE-FAAF-47E9-92B2-9B5B70BB3521}.Debug|Any CPU.ActiveCfg = Debug|Any CPU
		{8E8C33CE-FAAF-47E9-92B2-9B5B70BB3521}.Debug|Any CPU.Build.0 = Debug|Any CPU
		{8E8C33CE-FAAF-47E9-92B2-9B5B70BB3521}.Release|Any CPU.ActiveCfg = Release|Any CPU
		{8E8C33CE-FAAF-47E9-92B2-9B5B70BB3521}.Release|Any CPU.Build.0 = Release|Any CPU
		{FD9FEF7B-FAAD-456A-860D-14EAD34D0F9C}.Debug|Any CPU.ActiveCfg = Debug|Any CPU
		{FD9FEF7B-FAAD-456A-860D-14EAD34D0F9C}.Debug|Any CPU.Build.0 = Debug|Any CPU
		{FD9FEF7B-FAAD-456A-860D-14EAD34D0F9C}.Release|Any CPU.ActiveCfg = Release|Any CPU
		{FD9FEF7B-FAAD-456A-860D-14EAD34D0F9C}.Release|Any CPU.Build.0 = Release|Any CPU
		{BE5C5AF4-D90B-4C35-9EA8-6D24429E7338}.Debug|Any CPU.ActiveCfg = Debug|Any CPU
		{BE5C5AF4-D90B-4C35-9EA8-6D24429E7338}.Debug|Any CPU.Build.0 = Debug|Any CPU
		{BE5C5AF4-D90B-4C35-9EA8-6D24429E7338}.Release|Any CPU.ActiveCfg = Release|Any CPU
		{BE5C5AF4-D90B-4C35-9EA8-6D24429E7338}.Release|Any CPU.Build.0 = Release|Any CPU
		{D17ED0C9-4E38-4910-AA8D-07ABEE2C1D0B}.Debug|Any CPU.ActiveCfg = Debug|Any CPU
		{D17ED0C9-4E38-4910-AA8D-07ABEE2C1D0B}.Debug|Any CPU.Build.0 = Debug|Any CPU
		{D17ED0C9-4E38-4910-AA8D-07ABEE2C1D0B}.Release|Any CPU.ActiveCfg = Release|Any CPU
		{D17ED0C9-4E38-4910-AA8D-07ABEE2C1D0B}.Release|Any CPU.Build.0 = Release|Any CPU
		{4123A3D9-D0C1-46E3-B583-D8C37948A734}.Debug|Any CPU.ActiveCfg = Debug|Any CPU
		{4123A3D9-D0C1-46E3-B583-D8C37948A734}.Debug|Any CPU.Build.0 = Debug|Any CPU
		{4123A3D9-D0C1-46E3-B583-D8C37948A734}.Release|Any CPU.ActiveCfg = Release|Any CPU
		{4123A3D9-D0C1-46E3-B583-D8C37948A734}.Release|Any CPU.Build.0 = Release|Any CPU
		{88E3CB6D-0258-4463-891F-9D81731E18FC}.Debug|Any CPU.ActiveCfg = Debug|Any CPU
		{88E3CB6D-0258-4463-891F-9D81731E18FC}.Debug|Any CPU.Build.0 = Debug|Any CPU
		{88E3CB6D-0258-4463-891F-9D81731E18FC}.Release|Any CPU.ActiveCfg = Release|Any CPU
		{88E3CB6D-0258-4463-891F-9D81731E18FC}.Release|Any CPU.Build.0 = Release|Any CPU
		{76DD4207-D043-435D-AA68-7D4821F6842A}.Debug|Any CPU.ActiveCfg = Debug|Any CPU
		{76DD4207-D043-435D-AA68-7D4821F6842A}.Debug|Any CPU.Build.0 = Debug|Any CPU
		{76DD4207-D043-435D-AA68-7D4821F6842A}.Release|Any CPU.ActiveCfg = Release|Any CPU
		{76DD4207-D043-435D-AA68-7D4821F6842A}.Release|Any CPU.Build.0 = Release|Any CPU
		{D1F5A81F-656C-4A95-B9BC-D39BA076C164}.Debug|Any CPU.ActiveCfg = Debug|Any CPU
		{D1F5A81F-656C-4A95-B9BC-D39BA076C164}.Debug|Any CPU.Build.0 = Debug|Any CPU
		{D1F5A81F-656C-4A95-B9BC-D39BA076C164}.Release|Any CPU.ActiveCfg = Release|Any CPU
		{D1F5A81F-656C-4A95-B9BC-D39BA076C164}.Release|Any CPU.Build.0 = Release|Any CPU
		{5EF8BC65-ABA8-489C-B092-807EA60CB2C2}.Debug|Any CPU.ActiveCfg = Debug|Any CPU
		{5EF8BC65-ABA8-489C-B092-807EA60CB2C2}.Debug|Any CPU.Build.0 = Debug|Any CPU
		{5EF8BC65-ABA8-489C-B092-807EA60CB2C2}.Release|Any CPU.ActiveCfg = Release|Any CPU
		{5EF8BC65-ABA8-489C-B092-807EA60CB2C2}.Release|Any CPU.Build.0 = Release|Any CPU
		{7A47E79E-EDDB-4D72-88C7-6AC493DC9070}.Debug|Any CPU.ActiveCfg = Debug|Any CPU
		{7A47E79E-EDDB-4D72-88C7-6AC493DC9070}.Debug|Any CPU.Build.0 = Debug|Any CPU
		{7A47E79E-EDDB-4D72-88C7-6AC493DC9070}.Release|Any CPU.ActiveCfg = Release|Any CPU
		{7A47E79E-EDDB-4D72-88C7-6AC493DC9070}.Release|Any CPU.Build.0 = Release|Any CPU
		{D5F48211-9790-443F-A2F6-2430F1CDF1E1}.Debug|Any CPU.ActiveCfg = Debug|Any CPU
		{D5F48211-9790-443F-A2F6-2430F1CDF1E1}.Debug|Any CPU.Build.0 = Debug|Any CPU
		{D5F48211-9790-443F-A2F6-2430F1CDF1E1}.Release|Any CPU.ActiveCfg = Release|Any CPU
		{D5F48211-9790-443F-A2F6-2430F1CDF1E1}.Release|Any CPU.Build.0 = Release|Any CPU
		{0078FDE4-B0C0-4DCA-B576-78D741436EFB}.Debug|Any CPU.ActiveCfg = Debug|Any CPU
		{0078FDE4-B0C0-4DCA-B576-78D741436EFB}.Debug|Any CPU.Build.0 = Debug|Any CPU
		{0078FDE4-B0C0-4DCA-B576-78D741436EFB}.Release|Any CPU.ActiveCfg = Release|Any CPU
		{0078FDE4-B0C0-4DCA-B576-78D741436EFB}.Release|Any CPU.Build.0 = Release|Any CPU
	EndGlobalSection
	GlobalSection(SolutionProperties) = preSolution
		HideSolutionNode = FALSE
	EndGlobalSection
	GlobalSection(NestedProjects) = preSolution
		{31136EC0-0CBB-4503-8C82-FE1421CBD7E9} = {D4ED1719-C87C-498D-A772-121C2636DE1D}
		{F0FF50E7-DEA3-4F01-B31F-5FFE2A4A17F5} = {D4ED1719-C87C-498D-A772-121C2636DE1D}
		{31F34F06-EC29-46E1-8921-DEEDF344566C} = {D4ED1719-C87C-498D-A772-121C2636DE1D}
		{7756F730-2CC1-4E21-BF46-D833536F6BCD} = {D4ED1719-C87C-498D-A772-121C2636DE1D}
		{30DF9A25-9817-4AED-BC69-415B83A93153} = {D4ED1719-C87C-498D-A772-121C2636DE1D}
		{17184EB1-B344-4078-8BA2-F410728E7538} = {D4ED1719-C87C-498D-A772-121C2636DE1D}
		{8E8C33CE-FAAF-47E9-92B2-9B5B70BB3521} = {D4ED1719-C87C-498D-A772-121C2636DE1D}
		{FD9FEF7B-FAAD-456A-860D-14EAD34D0F9C} = {D4ED1719-C87C-498D-A772-121C2636DE1D}
		{BE5C5AF4-D90B-4C35-9EA8-6D24429E7338} = {D4ED1719-C87C-498D-A772-121C2636DE1D}
		{D17ED0C9-4E38-4910-AA8D-07ABEE2C1D0B} = {D4ED1719-C87C-498D-A772-121C2636DE1D}
		{4123A3D9-D0C1-46E3-B583-D8C37948A734} = {D4ED1719-C87C-498D-A772-121C2636DE1D}
		{88E3CB6D-0258-4463-891F-9D81731E18FC} = {D4ED1719-C87C-498D-A772-121C2636DE1D}
		{76DD4207-D043-435D-AA68-7D4821F6842A} = {D4ED1719-C87C-498D-A772-121C2636DE1D}
		{D1F5A81F-656C-4A95-B9BC-D39BA076C164} = {D4ED1719-C87C-498D-A772-121C2636DE1D}
		{5EF8BC65-ABA8-489C-B092-807EA60CB2C2} = {D4ED1719-C87C-498D-A772-121C2636DE1D}
		{7A47E79E-EDDB-4D72-88C7-6AC493DC9070} = {D4ED1719-C87C-498D-A772-121C2636DE1D}
		{D5F48211-9790-443F-A2F6-2430F1CDF1E1} = {D4ED1719-C87C-498D-A772-121C2636DE1D}
		{0078FDE4-B0C0-4DCA-B576-78D741436EFB} = {D4ED1719-C87C-498D-A772-121C2636DE1D}
	EndGlobalSection
	GlobalSection(ExtensibilityGlobals) = postSolution
		SolutionGuid = {E61EA2C4-5D64-4828-A24A-47E3EB51A10C}
	EndGlobalSection
EndGlobal
