
Microsoft Visual Studio Solution File, Format Version 12.00
# Visual Studio Version 16
VisualStudioVersion = 16.0.28803.156
MinimumVisualStudioVersion = 10.0.40219.1
Project("{FAE04EC0-301F-11D3-BF4B-00C04F79EFBC}") = "CustomBuffDurations", "CustomBuffDurations.csproj", "{17184EB1-B344-4078-8BA2-F410728E7538}"
EndProject
Global
	GlobalSection(SolutionConfigurationPlatforms) = preSolution
		Debug|Any CPU = Debug|Any CPU
		Release|Any CPU = Release|Any CPU
	EndGlobalSection
	GlobalSection(ProjectConfigurationPlatforms) = postSolution
		{17184EB1-B344-4078-8BA2-F410728E7538}.Debug|Any CPU.ActiveCfg = Debug|Any CPU
		{17184EB1-B344-4078-8BA2-F410728E7538}.Debug|Any CPU.Build.0 = Debug|Any CPU
		{17184EB1-B344-4078-8BA2-F410728E7538}.Release|Any CPU.ActiveCfg = Release|Any CPU
		{17184EB1-B344-4078-8BA2-F410728E7538}.Release|Any CPU.Build.0 = Release|Any CPU
	EndGlobalSection
	GlobalSection(SolutionProperties) = preSolution
		HideSolutionNode = FALSE
	EndGlobalSection
	GlobalSection(ExtensibilityGlobals) = postSolution
		SolutionGuid = {6DF738C2-486F-4595-BD68-6D05FE172762}
	EndGlobalSection
EndGlobal
