
Microsoft Visual Studio Solution File, Format Version 12.00
# Visual Studio Version 16
VisualStudioVersion = 16.0.28803.156
MinimumVisualStudioVersion = 10.0.40219.1
Project("{FAE04EC0-301F-11D3-BF4B-00C04F79EFBC}") = "CustomTimeSpeed", "CustomTimeSpeed.csproj", "{FD9FEF7B-FAAD-456A-860D-14EAD34D0F9C}"
EndProject
Global
	GlobalSection(SolutionConfigurationPlatforms) = preSolution
		Debug|Any CPU = Debug|Any CPU
		Release|Any CPU = Release|Any CPU
	EndGlobalSection
	GlobalSection(ProjectConfigurationPlatforms) = postSolution
		{FD9FEF7B-FAAD-456A-860D-14EAD34D0F9C}.Debug|Any CPU.ActiveCfg = Debug|Any CPU
		{FD9FEF7B-FAAD-456A-860D-14EAD34D0F9C}.Debug|Any CPU.Build.0 = Debug|Any CPU
		{FD9FEF7B-FAAD-456A-860D-14EAD34D0F9C}.Release|Any CPU.ActiveCfg = Release|Any CPU
		{FD9FEF7B-FAAD-456A-860D-14EAD34D0F9C}.Release|Any CPU.Build.0 = Release|Any CPU
	EndGlobalSection
	GlobalSection(SolutionProperties) = preSolution
		HideSolutionNode = FALSE
	EndGlobalSection
	GlobalSection(ExtensibilityGlobals) = postSolution
		SolutionGuid = {9F086A7D-137E-472A-895D-1612796BA874}
	EndGlobalSection
EndGlobal
